
Microsoft Visual Studio Solution File, Format Version 12.00
# Visual Studio Version 16
VisualStudioVersion = 16.0.29806.167
MinimumVisualStudioVersion = 10.0.40219.1
Project("{FAE04EC0-301F-11D3-BF4B-00C04F79EFBC}") = "NCSimGen", "NCSimGen\NCSimGen.csproj", "{CD8016A6-036B-4CF5-ACCB-468B0FB92C66}"
EndProject
Global
	GlobalSection(SolutionConfigurationPlatforms) = preSolution
		Debug|Any CPU = Debug|Any CPU
		Release|Any CPU = Release|Any CPU
	EndGlobalSection
	GlobalSection(ProjectConfigurationPlatforms) = postSolution
		{CD8016A6-036B-4CF5-ACCB-468B0FB92C66}.Debug|Any CPU.ActiveCfg = Debug|Any CPU
		{CD8016A6-036B-4CF5-ACCB-468B0FB92C66}.Debug|Any CPU.Build.0 = Debug|Any CPU
		{CD8016A6-036B-4CF5-ACCB-468B0FB92C66}.Release|Any CPU.ActiveCfg = Release|Any CPU
		{CD8016A6-036B-4CF5-ACCB-468B0FB92C66}.Release|Any CPU.Build.0 = Release|Any CPU
	EndGlobalSection
	GlobalSection(SolutionProperties) = preSolution
		HideSolutionNode = FALSE
	EndGlobalSection
	GlobalSection(ExtensibilityGlobals) = postSolution
		SolutionGuid = {DA7CABA8-81F8-4E52-BA97-ACBA41CA51AA}
	EndGlobalSection
EndGlobal
